# THIS IS AN AUTOGENERATED FILE. DO NOT EDIT THIS FILE DIRECTLY.
# yarn lockfile v1


paypal-express-checkout@latest:
  version "1.6.3"
  resolved "https://registry.yarnpkg.com/paypal-express-checkout/-/paypal-express-checkout-1.6.3.tgz#7cd7c1ffa1e74a3d7ac65efd10a603d3af618fbb"
  integrity sha512-UiTt2MKB89Z8FlXwmRfvcFX3z4FCo8ZjizXkWZ27Iwe19KQM5nG9FWevA0UAtZdgb+PRfEbQ0iM8KrgJ4OyhxQ==

total.js@latest:
  version "3.4.10"
  resolved "https://registry.yarnpkg.com/total.js/-/total.js-3.4.10.tgz#0de1fcb2ff047984013c119ee068e2ffcbb45668"
  integrity sha512-hA8WHGxx3AtzddUfWH5jmbmn3dePBh4vHvH0zsZ3DbDDv5dONX5W78oGw7ha05enEs+pDyN/pQhfb1qo6g6Bxw==
